schema: '2.0'
stages:
  data_ingestion:
    cmd: python data_ingestion.py
    deps:
    - path: data_ingestion.py
      hash: md5
      md5: 78907bbb99e79b9112143ae7d259005c
      size: 3933
    outs:
    - path: data/raw
      hash: md5
      md5: 1a287d34dc172d9f950c03dae35f7e73.dir
      size: 484846
      nfiles: 2
  data_preprocessing:
    cmd: python data_preprocessing.py
    deps:
    - path: data/raw
      hash: md5
      md5: 1a287d34dc172d9f950c03dae35f7e73.dir
      size: 484846
      nfiles: 2
    - path: data_preprocessing.py
      hash: md5
      md5: 70f88888741d605b2cc75a38708d7d9e
      size: 4990
    outs:
    - path: data/intermediate
      hash: md5
      md5: 03392a2393b7ac8e59af7a3e63f11369.dir
      size: 686592
      nfiles: 2
  data_feature_engineering:
    cmd: python data_feature_engineering.py
    deps:
    - path: data/intermediate
      hash: md5
      md5: 03392a2393b7ac8e59af7a3e63f11369.dir
      size: 686592
      nfiles: 2
    - path: data_feature_engineering.py
      hash: md5
      md5: 81eaccbcc092683834bd561600c1f35e
      size: 3947
    outs:
    - path: data/processed
      hash: md5
      md5: 997cdde5831ed68426237db614e503e3.dir
      size: 2569684
      nfiles: 2
  model_training:
    cmd: python model_training.py
    deps:
    - path: data/processed
      hash: md5
      md5: 997cdde5831ed68426237db614e503e3.dir
      size: 2569684
      nfiles: 2
    - path: model_training.py
      hash: md5
      md5: 7f0e731a156235e34d9d508083e9adbf
      size: 4185
    outs:
    - path: models/model.pkl
      hash: md5
      md5: 41c2bef518d211d7e833c3dd979bd94c
      size: 1293824
  model_evaluation:
    cmd: python model_evaluation.py
    deps:
    - path: model_evaluation.py
      hash: md5
      md5: 1385d7831c6c6314daa9ec6559c8f6f2
      size: 4641
    - path: models/model.pkl
      hash: md5
      md5: 41c2bef518d211d7e833c3dd979bd94c
      size: 1293824
    outs:
    - path: metrics/metrics.json
      hash: md5
      md5: e7b01841a5a7567508c188c10fbf2df4
      size: 144
